
Microsoft Visual Studio Solution File, Format Version 12.00
# Visual Studio 15
VisualStudioVersion = 15.0.27428.1
MinimumVisualStudioVersion = 10.0.40219.1
Project("{FAE04EC0-301F-11D3-BF4B-00C04F79EFBC}") = "LearningEnumerationTypesAndCollectionsV0.2", "LearningEnumerationTypesAndCollectionsV0.2\LearningEnumerationTypesAndCollectionsV0.2.csproj", "{AC0089FF-FCA7-4A6E-B3A8-D75ACE756C4E}"
EndProject
Global
	GlobalSection(SolutionConfigurationPlatforms) = preSolution
		Debug|Any CPU = Debug|Any CPU
		Release|Any CPU = Release|Any CPU
	EndGlobalSection
	GlobalSection(ProjectConfigurationPlatforms) = postSolution
		{AC0089FF-FCA7-4A6E-B3A8-D75ACE756C4E}.Debug|Any CPU.ActiveCfg = Debug|Any CPU
		{AC0089FF-FCA7-4A6E-B3A8-D75ACE756C4E}.Debug|Any CPU.Build.0 = Debug|Any CPU
		{AC0089FF-FCA7-4A6E-B3A8-D75ACE756C4E}.Release|Any CPU.ActiveCfg = Release|Any CPU
		{AC0089FF-FCA7-4A6E-B3A8-D75ACE756C4E}.Release|Any CPU.Build.0 = Release|Any CPU
	EndGlobalSection
	GlobalSection(SolutionProperties) = preSolution
		HideSolutionNode = FALSE
	EndGlobalSection
	GlobalSection(ExtensibilityGlobals) = postSolution
		SolutionGuid = {BB9D57AE-2138-4AD8-8DBE-87F9BCE8120C}
	EndGlobalSection
EndGlobal
